{
    "_readme": [
        "This file locks the dependencies of your project to a known state",
        "Read more about it at https://getcomposer.org/doc/01-basic-usage.md#installing-dependencies",
        "This file is @generated automatically"
    ],
    "content-hash": "2b14aef4b858c9173e944028b4f8846f",
    "packages": [
        {
            "name": "fsa/neuron-framework",
            "version": "v0.2.0",
            "source": {
                "type": "git",
                "url": "https://github.com/fsa/php-neuron-framework.git",
                "reference": "da9063aa797acaa2dadd19abe2913a3d8ba1995b"
            },
            "dist": {
                "type": "zip",
                "url": "https://api.github.com/repos/fsa/php-neuron-framework/zipball/da9063aa797acaa2dadd19abe2913a3d8ba1995b",
                "reference": "da9063aa797acaa2dadd19abe2913a3d8ba1995b",
                "shasum": ""
            },
            "require": {
                "ext-redis": "*",
                "php": "^7.4||^8.0"
            },
            "type": "library",
            "autoload": {
                "psr-4": {
                    "FSA\\Neuron\\": "classes/"
                }
            },
            "notification-url": "https://packagist.org/downloads/",
            "license": [
                "GPL-3.0-or-later"
            ],
            "authors": [
                {
                    "name": "Sergei Fedotov",
                    "email": "fsa@tavda.info"
                }
            ],
            "description": "Neuron PHP framework",
            "support": {
                "issues": "https://github.com/fsa/php-neuron-framework/issues",
                "source": "https://github.com/fsa/php-neuron-framework/tree/v0.2.0"
            },
            "time": "2022-04-17T19:45:15+00:00"
        },
        {
            "name": "fsa/shcc-openweather",
            "version": "v0.3.0",
            "source": {
                "type": "git",
                "url": "https://github.com/fsa/shcc-openweather.git",
                "reference": "e74f8bd4bb9e609161ce1c0b934b51e6837b6a2e"
            },
            "dist": {
                "type": "zip",
                "url": "https://api.github.com/repos/fsa/shcc-openweather/zipball/e74f8bd4bb9e609161ce1c0b934b51e6837b6a2e",
                "reference": "e74f8bd4bb9e609161ce1c0b934b51e6837b6a2e",
                "shasum": ""
            },
            "require": {
                "php": "^7.4||^8.0"
            },
            "type": "library",
            "extra": {
                "shcc-plugin": {
                    "name": "OpenWeather",
                    "namespace": "FSA\\OpenWeatherPlugin\\"
                }
            },
            "autoload": {
                "psr-4": {
                    "FSA\\OpenWeatherPlugin\\": "classes/"
                }
            },
            "notification-url": "https://packagist.org/downloads/",
            "license": [
                "GPL-3.0-or-later"
            ],
            "authors": [
                {
                    "name": "Sergei Fedotov",
                    "email": "fsa@tavda.info"
                }
            ],
            "description": "SHCC OpenWeather plugin",
            "keywords": [
                "shcc"
            ],
            "support": {
                "issues": "https://github.com/fsa/shcc-openweather/issues",
                "source": "https://github.com/fsa/shcc-openweather/tree/v0.3.0"
            },
            "time": "2022-04-27T18:58:38+00:00"
        },
        {
            "name": "fsa/telegram-bot-api",
            "version": "v0.1.0",
            "source": {
                "type": "git",
                "url": "https://github.com/fsa/php-telegram-bot-api.git",
                "reference": "a68f6e107e2aa1c331ec06068df2a950ebaa6425"
            },
            "dist": {
                "type": "zip",
                "url": "https://api.github.com/repos/fsa/php-telegram-bot-api/zipball/a68f6e107e2aa1c331ec06068df2a950ebaa6425",
                "reference": "a68f6e107e2aa1c331ec06068df2a950ebaa6425",
                "shasum": ""
            },
            "require": {
                "ext-curl": "*",
                "php": "^7.4||^8.0"
            },
            "type": "library",
            "autoload": {
                "psr-4": {
                    "FSA\\Telegram\\": "classes/"
                }
            },
            "notification-url": "https://packagist.org/downloads/",
            "license": [
                "GPL-3.0-or-later"
            ],
            "authors": [
                {
                    "name": "Sergei Fedotov",
                    "email": "fsa@tavda.info"
                }
            ],
            "description": "Telegram Bot API",
            "support": {
                "issues": "https://github.com/fsa/php-telegram-bot-api/issues",
                "source": "https://github.com/fsa/php-telegram-bot-api/tree/v0.1.0"
            },
            "time": "2022-03-31T15:59:59+00:00"
        }
    ],
    "packages-dev": [],
    "aliases": [],
    "minimum-stability": "stable",
    "stability-flags": [],
    "prefer-stable": false,
    "prefer-lowest": false,
    "platform": {
        "php": "^7.4||^8.0",
        "ext-curl": "*",
        "ext-pdo_pgsql": "*",
        "ext-mbstring": "*",
        "ext-redis": "*"
    },
    "platform-dev": [],
    "plugin-api-version": "2.3.0"
}
