{
    "_readme": [
        "This file locks the dependencies of your project to a known state",
        "Read more about it at https://getcomposer.org/doc/01-basic-usage.md#installing-dependencies",
        "This file is @generated automatically"
    ],
    "content-hash": "a3948eeea8a3190cf4d8b1e685350adf",
    "packages": [
        {
            "name": "fsa/neuron-framework",
            "version": "v0.2.0",
            "source": {
                "type": "git",
                "url": "https://github.com/fsa/php-neuron-framework.git",
                "reference": "da9063aa797acaa2dadd19abe2913a3d8ba1995b"
            },
            "dist": {
                "type": "zip",
                "url": "https://api.github.com/repos/fsa/php-neuron-framework/zipball/da9063aa797acaa2dadd19abe2913a3d8ba1995b",
                "reference": "da9063aa797acaa2dadd19abe2913a3d8ba1995b",
                "shasum": ""
            },
            "require": {
                "ext-redis": "*",
                "php": "^7.4||^8.0"
            },
            "type": "library",
            "autoload": {
                "psr-4": {
                    "FSA\\Neuron\\": "classes/"
                }
            },
            "notification-url": "https://packagist.org/downloads/",
            "license": [
                "GPL-3.0-or-later"
            ],
            "authors": [
                {
                    "name": "Sergei Fedotov",
                    "email": "fsa@tavda.info"
                }
            ],
            "description": "Neuron PHP framework",
            "support": {
                "issues": "https://github.com/fsa/php-neuron-framework/issues",
                "source": "https://github.com/fsa/php-neuron-framework/tree/v0.2.0"
            },
            "time": "2022-04-17T19:45:15+00:00"
        },
        {
            "name": "fsa/openweathermap-api",
            "version": "v0.1.0",
            "source": {
                "type": "git",
                "url": "https://github.com/fsa/php-openweathermap-api.git",
                "reference": "d6c923c9a81d5f8b2b0e3bb85f6e71f529eb269f"
            },
            "dist": {
                "type": "zip",
                "url": "https://api.github.com/repos/fsa/php-openweathermap-api/zipball/d6c923c9a81d5f8b2b0e3bb85f6e71f529eb269f",
                "reference": "d6c923c9a81d5f8b2b0e3bb85f6e71f529eb269f",
                "shasum": ""
            },
            "require": {
                "ext-curl": "*",
                "php": "^7.4||^8.0"
            },
            "type": "library",
            "autoload": {
                "psr-4": {
                    "FSA\\OpenWeatherMap\\": "classes/"
                }
            },
            "notification-url": "https://packagist.org/downloads/",
            "license": [
                "GPL-3.0-or-later"
            ],
            "authors": [
                {
                    "name": "Sergei Fedotov",
                    "email": "fsa@tavda.info"
                }
            ],
            "description": "OpenWeatherMap.org API",
            "support": {
                "issues": "https://github.com/fsa/php-openweathermap-api/issues",
                "source": "https://github.com/fsa/php-openweathermap-api/tree/v0.1.0"
            },
            "time": "2022-04-09T11:39:00+00:00"
        },
        {
            "name": "fsa/shcc-openweathermap",
            "version": "v0.1.0",
            "source": {
                "type": "git",
                "url": "https://github.com/fsa/shcc-openweathermap.git",
                "reference": "bbc614b43daf58e0acbd03fb5458462e77127f8e"
            },
            "dist": {
                "type": "zip",
                "url": "https://api.github.com/repos/fsa/shcc-openweathermap/zipball/bbc614b43daf58e0acbd03fb5458462e77127f8e",
                "reference": "bbc614b43daf58e0acbd03fb5458462e77127f8e",
                "shasum": ""
            },
            "require": {
                "fsa/openweathermap-api": "^0.1",
                "php": "^7.4||^8.0"
            },
            "type": "library",
            "autoload": {
                "psr-4": {
                    "FSA\\OpenWeatherPlugin\\": "classes/"
                }
            },
            "notification-url": "https://packagist.org/downloads/",
            "license": [
                "GPL-3.0-or-later"
            ],
            "authors": [
                {
                    "name": "Sergei Fedotov",
                    "email": "fsa@tavda.info"
                }
            ],
            "description": "SHCC OpenWeatherMap plugin",
            "keywords": [
                "shcc"
            ],
            "support": {
                "issues": "https://github.com/fsa/shcc-openweathermap/issues",
                "source": "https://github.com/fsa/shcc-openweathermap/tree/v0.1.0"
            },
            "time": "2022-04-19T08:00:19+00:00"
        },
        {
            "name": "fsa/telegram-bot-api",
            "version": "v0.1.0",
            "source": {
                "type": "git",
                "url": "https://github.com/fsa/php-telegram-bot-api.git",
                "reference": "a68f6e107e2aa1c331ec06068df2a950ebaa6425"
            },
            "dist": {
                "type": "zip",
                "url": "https://api.github.com/repos/fsa/php-telegram-bot-api/zipball/a68f6e107e2aa1c331ec06068df2a950ebaa6425",
                "reference": "a68f6e107e2aa1c331ec06068df2a950ebaa6425",
                "shasum": ""
            },
            "require": {
                "ext-curl": "*",
                "php": "^7.4||^8.0"
            },
            "type": "library",
            "autoload": {
                "psr-4": {
                    "FSA\\Telegram\\": "classes/"
                }
            },
            "notification-url": "https://packagist.org/downloads/",
            "license": [
                "GPL-3.0-or-later"
            ],
            "authors": [
                {
                    "name": "Sergei Fedotov",
                    "email": "fsa@tavda.info"
                }
            ],
            "description": "Telegram Bot API",
            "support": {
                "issues": "https://github.com/fsa/php-telegram-bot-api/issues",
                "source": "https://github.com/fsa/php-telegram-bot-api/tree/v0.1.0"
            },
            "time": "2022-03-31T15:59:59+00:00"
        }
    ],
    "packages-dev": [],
    "aliases": [],
    "minimum-stability": "stable",
    "stability-flags": [],
    "prefer-stable": false,
    "prefer-lowest": false,
    "platform": {
        "php": "^7.4||^8.0",
        "ext-curl": "*",
        "ext-pdo_pgsql": "*",
        "ext-mbstring": "*",
        "ext-redis": "*"
    },
    "platform-dev": [],
    "plugin-api-version": "2.2.0"
}
